{
  "version": "4",
  "specifiers": {
    "jsr:@std/assert@^1.0.11": "1.0.11",
    "jsr:@std/fs@^1.0.14": "1.0.14",
    "jsr:@std/internal@^1.0.5": "1.0.5",
    "jsr:@std/path@^1.0.8": "1.0.8",
    "npm:@ast-grep/napi@~0.36.1": "0.36.1",
    "npm:@types/unist@2": "2.0.11",
    "npm:prettier@^3.5.3": "3.5.3"
  },
  "jsr": {
    "@std/assert@1.0.11": {
      "integrity": "2461ef3c368fe88bc60e186e7744a93112f16fd110022e113a0849e94d1c83c1",
      "dependencies": [
        "jsr:@std/internal"
      ]
    },
    "@std/fs@1.0.14": {
      "integrity": "1e84bf0b95fe08f41f1f4aea9717bbf29f45408a56ce073b0114474ce1c9fccf",
      "dependencies": [
        "jsr:@std/path"
      ]
    },
    "@std/internal@1.0.5": {
      "integrity": "54a546004f769c1ac9e025abd15a76b6671ddc9687e2313b67376125650dc7ba"
    },
    "@std/path@1.0.8": {
      "integrity": "548fa456bb6a04d3c1a1e7477986b6cffbce95102d0bb447c67c4ee70e0364be"
    }
  },
  "npm": {
    "@ast-grep/napi-darwin-arm64@0.36.1": {
      "integrity": "sha512-hLceB0+nTMzmp+85ffJdmwUYcH9n+9ca/dj4nBxXjWBEPhcsA4FOlxCn/dltxhIsdb9eVL8ffATyu7yO96Xjcw=="
    },
    "@ast-grep/napi-darwin-x64@0.36.1": {
      "integrity": "sha512-bt5FZNIRE/FmwD29t1LMMsbWxxqgAGabCOSWxbFKBPWqYPW48sG0FfEP2x3P6vIMmNrNNaEy0YwiwaZVR8M0dQ=="
    },
    "@ast-grep/napi-linux-arm64-gnu@0.36.1": {
      "integrity": "sha512-6xAs1AGqll9cZdinQIdEo8WA6dEgOSKGfk0HLmXO0R6Z9q/i17oRtLdud+iVNUVBjyFxrOrTYUGxzwwbfrh2Mg=="
    },
    "@ast-grep/napi-linux-arm64-musl@0.36.1": {
      "integrity": "sha512-qBg0id6C138OkD68zuaa37hrNE01NKJVaV+VZ+7lYIdM7ovwq4D3cgvKsxz1iWUrXsQIX+RPQfU4MoYJdRKYRQ=="
    },
    "@ast-grep/napi-linux-x64-gnu@0.36.1": {
      "integrity": "sha512-DJnOF0nETsFCPlwRSPwiddja/Pe6yyQmgvQMZRWR3jBcqNeytL6MwVBs7bLyiGPeRNgB/Fk/V4lfVjPV8OYi6w=="
    },
    "@ast-grep/napi-linux-x64-musl@0.36.1": {
      "integrity": "sha512-vXrqWq9KZssTrJa47mDv8uPk7+ZLjQZScQjpbzB/icYj+VdhDAMxRC2ZrCTaSP+FQzibtZQdlEe3lGm4DGvuKA=="
    },
    "@ast-grep/napi-win32-arm64-msvc@0.36.1": {
      "integrity": "sha512-y02toJitm47Zv6zeCZnvzU/YyACfim8xcZx7+V9dJr5H8DSd6bJhnCIEhyPqsDJBhgh0i+saRmFr12rb6Fmjtw=="
    },
    "@ast-grep/napi-win32-ia32-msvc@0.36.1": {
      "integrity": "sha512-I4oVIFX9dhzEI3fz7GYlj1Khw8w6Kk+2r8cuyqI9Z+U+FUZZFHr3ZWyXhJdrsfuJ9AmUeJLlydu6zAyCUlEvow=="
    },
    "@ast-grep/napi-win32-x64-msvc@0.36.1": {
      "integrity": "sha512-ofuHLFdaVMsPoxJsl1cgIlrOUYoh3kF6fiSKSbCbL80PRCpJXo8J+EwxsF033hK7bwMy40FohG4guz5a4B2tYA=="
    },
    "@ast-grep/napi@0.36.1": {
      "integrity": "sha512-Ptfwhmlh9Xc5PunM1/X9tcmudxTAOIXxsDdvkSM4h9z/o+OrqL6DYgXOyPxo3mWFln/+oHHIB65jtNQCoo6Niw==",
      "dependencies": [
        "@ast-grep/napi-darwin-arm64",
        "@ast-grep/napi-darwin-x64",
        "@ast-grep/napi-linux-arm64-gnu",
        "@ast-grep/napi-linux-arm64-musl",
        "@ast-grep/napi-linux-x64-gnu",
        "@ast-grep/napi-linux-x64-musl",
        "@ast-grep/napi-win32-arm64-msvc",
        "@ast-grep/napi-win32-ia32-msvc",
        "@ast-grep/napi-win32-x64-msvc"
      ]
    },
    "@types/unist@2.0.11": {
      "integrity": "sha512-CmBKiL6NNo/OqgmMn95Fk9Whlp2mtvIv+KNpQKN2F4SjvrEesubTRWGYSg+BnWZOnlCaSTU1sMpsBOzgbYhnsA=="
    },
    "prettier@3.5.3": {
      "integrity": "sha512-QQtaxnoDJeAkDvDKWCLiwIXkTgRhwYDEQCghU9Z6q03iyek/rxRh/2lC3HB7P8sWT2xC/y5JDctPLBIGzHKbhw=="
    }
  },
  "workspace": {
    "dependencies": [
      "jsr:@std/assert@^1.0.11",
      "jsr:@std/fs@^1.0.14",
      "npm:@ast-grep/napi@~0.36.1",
      "npm:prettier@^3.5.3"
    ]
  }
}
